
Microsoft Visual Studio Solution File, Format Version 12.00
# Visual Studio Version 16
VisualStudioVersion = 25.0.1703.5
MinimumVisualStudioVersion = 10.0.40219.1
Project("{FAE04EC0-301F-11D3-BF4B-00C04F79EFBC}") = "extendthirdPartyAPI", "extendthirdPartyAPI\extendthirdPartyAPI.csproj", "{970BBF7B-753C-4284-A990-9A14E1AF09D7}"
EndProject
Global
	GlobalSection(SolutionConfigurationPlatforms) = preSolution
		Debug|Any CPU = Debug|Any CPU
		Release|Any CPU = Release|Any CPU
	EndGlobalSection
	GlobalSection(ProjectConfigurationPlatforms) = postSolution
		{970BBF7B-753C-4284-A990-9A14E1AF09D7}.Debug|Any CPU.ActiveCfg = Debug|Any CPU
		{970BBF7B-753C-4284-A990-9A14E1AF09D7}.Debug|Any CPU.Build.0 = Debug|Any CPU
		{970BBF7B-753C-4284-A990-9A14E1AF09D7}.Release|Any CPU.ActiveCfg = Release|Any CPU
		{970BBF7B-753C-4284-A990-9A14E1AF09D7}.Release|Any CPU.Build.0 = Release|Any CPU
	EndGlobalSection
	GlobalSection(SolutionProperties) = preSolution
		HideSolutionNode = FALSE
	EndGlobalSection
	GlobalSection(ExtensibilityGlobals) = postSolution
		SolutionGuid = {BC1AB8E1-26F3-46B5-8FCA-F077EA658F04}
	EndGlobalSection
EndGlobal
